
Microsoft Visual Studio Solution File, Format Version 12.00
# Visual Studio Version 17
VisualStudioVersion = 17.4.33122.133
MinimumVisualStudioVersion = 10.0.40219.1
Project("{FAE04EC0-301F-11D3-BF4B-00C04F79EFBC}") = "desafio2", "desafio2\desafio2.csproj", "{CF5ED4F1-0958-4ECC-AEB0-B99866C9BC15}"
EndProject
Global
	GlobalSection(SolutionConfigurationPlatforms) = preSolution
		Debug|Any CPU = Debug|Any CPU
		Release|Any CPU = Release|Any CPU
	EndGlobalSection
	GlobalSection(ProjectConfigurationPlatforms) = postSolution
		{CF5ED4F1-0958-4ECC-AEB0-B99866C9BC15}.Debug|Any CPU.ActiveCfg = Debug|Any CPU
		{CF5ED4F1-0958-4ECC-AEB0-B99866C9BC15}.Debug|Any CPU.Build.0 = Debug|Any CPU
		{CF5ED4F1-0958-4ECC-AEB0-B99866C9BC15}.Release|Any CPU.ActiveCfg = Release|Any CPU
		{CF5ED4F1-0958-4ECC-AEB0-B99866C9BC15}.Release|Any CPU.Build.0 = Release|Any CPU
	EndGlobalSection
	GlobalSection(SolutionProperties) = preSolution
		HideSolutionNode = FALSE
	EndGlobalSection
	GlobalSection(ExtensibilityGlobals) = postSolution
		SolutionGuid = {B0680151-6154-43A5-8BED-F0D918F0446A}
	EndGlobalSection
EndGlobal
